# generated by rye
# use `rye lock` or `rye sync` to update this lockfile
#
# last locked with the following flags:
#   pre: false
#   features: []
#   all-features: false
#   with-sources: false

altair==5.2.0
    # via streamlit
annotated-types==0.6.0
    # via pydantic
anyio==4.2.0
    # via httpx
    # via starlette
attrs==23.2.0
    # via jsonschema
    # via referencing
blinker==1.7.0
    # via streamlit
cachetools==5.3.2
    # via streamlit
certifi==2024.2.2
    # via httpcore
    # via httpx
    # via requests
charset-normalizer==3.3.2
    # via requests
click==8.1.7
    # via streamlit
    # via uvicorn
contourpy==1.2.0
    # via matplotlib
cycler==0.12.1
    # via matplotlib
dill==0.3.8
dnspython==2.5.0
    # via pymongo
emoji==2.10.1
fastapi==0.109.2
fonttools==4.48.1
    # via matplotlib
gitdb==4.0.11
    # via gitpython
gitpython==3.1.41
    # via streamlit
gunicorn==21.2.0
h11==0.14.0
    # via httpcore
    # via uvicorn
httpcore==1.0.2
    # via httpx
httpx==0.26.0
idna==3.6
    # via anyio
    # via httpx
    # via requests
importlib-metadata==7.0.1
    # via streamlit
jinja2==3.1.3
    # via altair
    # via pydeck
joblib==1.3.2
    # via scikit-learn
jsonschema==4.21.1
    # via altair
jsonschema-specifications==2023.12.1
    # via jsonschema
kiwisolver==1.4.5
    # via matplotlib
markdown-it-py==3.0.0
    # via rich
markupsafe==2.1.5
    # via jinja2
matplotlib==3.8.2
    # via seaborn
    # via wordcloud
mdurl==0.1.2
    # via markdown-it-py
motor==3.3.2
numpy==1.26.4
    # via altair
    # via contourpy
    # via matplotlib
    # via pandas
    # via pyarrow
    # via pydeck
    # via scikit-learn
    # via scipy
    # via seaborn
    # via streamlit
    # via wordcloud
packaging==23.2
    # via altair
    # via gunicorn
    # via matplotlib
    # via plotly
    # via streamlit
pandas==2.2.0
    # via altair
    # via seaborn
    # via streamlit
pillow==10.2.0
    # via matplotlib
    # via streamlit
    # via wordcloud
plotly==5.18.0
polars==0.20.8
protobuf==4.25.2
    # via streamlit
pyarrow==15.0.0
    # via streamlit
pydantic==2.5.3
    # via fastapi
pydantic-core==2.14.6
    # via pydantic
pydeck==0.8.1b0
    # via streamlit
pygments==2.17.2
    # via rich
pymongo==4.6.1
    # via motor
pyparsing==3.1.1
    # via matplotlib
python-dateutil==2.8.2
    # via matplotlib
    # via pandas
    # via streamlit
python-multipart==0.0.9
pytz==2024.1
    # via pandas
referencing==0.33.0
    # via jsonschema
    # via jsonschema-specifications
requests==2.31.0
    # via streamlit
rich==13.7.0
    # via streamlit
rpds-py==0.17.1
    # via jsonschema
    # via referencing
scikit-learn==1.4.0
scipy==1.12.0
    # via scikit-learn
seaborn==0.13.2
six==1.16.0
    # via python-dateutil
smmap==5.0.1
    # via gitdb
sniffio==1.3.0
    # via anyio
    # via httpx
starlette==0.36.3
    # via fastapi
streamlit==1.31.1
tenacity==8.2.3
    # via plotly
    # via streamlit
threadpoolctl==3.2.0
    # via scikit-learn
toml==0.10.2
    # via streamlit
toolz==0.12.1
    # via altair
tornado==6.4
    # via streamlit
typing-extensions==4.9.0
    # via fastapi
    # via pydantic
    # via pydantic-core
    # via streamlit
tzdata==2024.1
    # via pandas
tzlocal==5.2
    # via streamlit
urllib3==2.2.0
    # via requests
uvicorn==0.27.1
validators==0.22.0
    # via streamlit
wordcloud==1.9.3
zipp==3.17.0
    # via importlib-metadata
